github.com/abbot/go-http-auth v0.0.0-20150922234925-fa194fe92758 h1:d67BpW/ovRimwYlulDR6LLeuqByYmzrRmv6dJBF9sfs=
github.com/abbot/go-http-auth v0.0.0-20150922234925-fa194fe92758/go.mod h1:Cz6ARTIzApMJDzh5bRMSUou6UMSp0IEXg9km/ci7TJM=
github.com/fxnn/gopath v0.0.0-20160828161104-83d01dcb3629 h1:sqB1YLcT9d0YSpe3/UoMnYDu5LPKSre0zmjfHrxi9c8=
github.com/fxnn/gopath v0.0.0-20160828161104-83d01dcb3629/go.mod h1:D81Sb0Rfq9qZV2CKe+Zcm1lpuK7hWQ10X2vY/cTEMKk=
github.com/gorilla/context v0.0.0-20150820051245-1c83b3eabd45 h1:f69IpTg7NxbCoH51W7oD+gPkojLLvi6ybJ6Iya76wB8=
github.com/gorilla/context v0.0.0-20150820051245-1c83b3eabd45/go.mod h1:kBGZzfjB9CEq2AlWe17Uuf7NDRt0dE0s8S51q0aT7Yg=
github.com/gorilla/securecookie v0.0.0-20150820082958-e95799a481bb h1:2up7HyE7rWhHSMcIrsC7MwP1RtGN7Ld4F+609JeVGys=
github.com/gorilla/securecookie v0.0.0-20150820082958-e95799a481bb/go.mod h1:ra0sb63/xPlUeL+yeDciTfxMRAA+MP+HVt/4epWDjd4=
github.com/gorilla/sessions v0.0.0-20151002135952-f7261893ca3e h1:DOrHtb9/6aGvId/gVg6gETr0loltd5OScYvQD+63igA=
github.com/gorilla/sessions v0.0.0-20151002135952-f7261893ca3e/go.mod h1:+WVp8kdw6VhyKExm03PAMRn2ZxnPtm58pV0dBVPdhHE=
github.com/russross/blackfriday v0.0.0-20150526082409-93ae1e873a88 h1:1bb9lb2wZeTfROX6xS6NtvMTsEXe9V/Uk9z0wtPfH/g=
github.com/russross/blackfriday v0.0.0-20150526082409-93ae1e873a88/go.mod h1:JO/DiYxRf+HjHt06OyowR9PTA263kcR/rfWxYHBV53g=
github.com/shurcooL/sanitized_anchor_name v0.0.0-20150515002706-11a20b799bf2 h1:YSuCoQrOAAaaU7L/VkFo9UilOcMV19Po32oJAnflq5U=
github.com/shurcooL/sanitized_anchor_name v0.0.0-20150515002706-11a20b799bf2/go.mod h1:1NzhyTcUVG4SuEtjjoZeVRXNmyL/1OwPU0+IJeTBvfc=
golang.org/x/crypto v0.0.0-20150930003834-0c93e1ff9f91 h1:IIrTQ3b12+RIYAUREguMHc2mZV5o+TKAn2WgsapIZag=
golang.org/x/crypto v0.0.0-20150930003834-0c93e1ff9f91/go.mod h1:6SG95UA2DQfeDnfUPMdvaQW0Q7yPrPDi9nlGo2tz2b4=
golang.org/x/net v0.0.0-20151002031912-01256db42e51 h1:jGZpLl/IhMy7I56X5dYbD01o9a/4C2qfC7Gy5+mi9fo=
golang.org/x/net v0.0.0-20151002031912-01256db42e51/go.mod h1:mL1N/T3taQHkDXs73rZJwtUhF3w3ftmwwsq0BUmARs4=
golang.org/x/sys v0.0.0-20160303154559-7a56174f0086 h1:Xz59dFtWDoWj7ZjYdMRRfE+v/arQPHOs/Rqw5PmJ1Rc=
golang.org/x/sys v0.0.0-20160303154559-7a56174f0086/go.mod h1:STP8DvDyc/dI5b8T5hshtkjS+E42TnysNCUPdjciGhY=
gopkg.in/fsnotify.v1 v1.2.9 h1:sQ4u2nqc93srqGq6uKE2mzSxC2XJF34qBut5caJJUQw=
gopkg.in/fsnotify.v1 v1.2.9/go.mod h1:Tz8NjZHkW78fSQdbUxIjBTcgA1z1m8ZHf0WmKUhAMys=
